
Microsoft Visual Studio Solution File, Format Version 12.00
# Visual Studio Version 17
VisualStudioVersion = 17.1.32414.318
MinimumVisualStudioVersion = 10.0.40219.1
Project("{8BC9CEB8-8B4A-11D0-8D11-00A0C91BC942}") = "TEST", "TEST\TEST.vcxproj", "{E8189FB8-1716-4290-9B39-B60E461CAE4D}"
EndProject
Global
	GlobalSection(SolutionConfigurationPlatforms) = preSolution
		Debug|x64 = Debug|x64
		Debug|x86 = Debug|x86
		Release|x64 = Release|x64
		Release|x86 = Release|x86
	EndGlobalSection
	GlobalSection(ProjectConfigurationPlatforms) = postSolution
		{E8189FB8-1716-4290-9B39-B60E461CAE4D}.Debug|x64.ActiveCfg = Debug|x64
		{E8189FB8-1716-4290-9B39-B60E461CAE4D}.Debug|x64.Build.0 = Debug|x64
		{E8189FB8-1716-4290-9B39-B60E461CAE4D}.Debug|x86.ActiveCfg = Debug|Win32
		{E8189FB8-1716-4290-9B39-B60E461CAE4D}.Debug|x86.Build.0 = Debug|Win32
		{E8189FB8-1716-4290-9B39-B60E461CAE4D}.Release|x64.ActiveCfg = Release|x64
		{E8189FB8-1716-4290-9B39-B60E461CAE4D}.Release|x64.Build.0 = Release|x64
		{E8189FB8-1716-4290-9B39-B60E461CAE4D}.Release|x86.ActiveCfg = Release|Win32
		{E8189FB8-1716-4290-9B39-B60E461CAE4D}.Release|x86.Build.0 = Release|Win32
	EndGlobalSection
	GlobalSection(SolutionProperties) = preSolution
		HideSolutionNode = FALSE
	EndGlobalSection
	GlobalSection(ExtensibilityGlobals) = postSolution
		SolutionGuid = {AC4BDACA-E5C4-490E-A87F-2BEFE1497D0F}
	EndGlobalSection
EndGlobal
